
Microsoft Visual Studio Solution File, Format Version 12.00
# Visual Studio 15
VisualStudioVersion = 15.0.28307.852
MinimumVisualStudioVersion = 10.0.40219.1
Project("{FAE04EC0-301F-11D3-BF4B-00C04F79EFBC}") = "CatalogAPI", "CatalogAPI\CatalogAPI.csproj", "{CF44C1C2-FECA-463F-9A51-8A825D67F7DC}"
EndProject
Global
	GlobalSection(SolutionConfigurationPlatforms) = preSolution
		Debug|Any CPU = Debug|Any CPU
		Release|Any CPU = Release|Any CPU
	EndGlobalSection
	GlobalSection(ProjectConfigurationPlatforms) = postSolution
		{CF44C1C2-FECA-463F-9A51-8A825D67F7DC}.Debug|Any CPU.ActiveCfg = Debug|Any CPU
		{CF44C1C2-FECA-463F-9A51-8A825D67F7DC}.Debug|Any CPU.Build.0 = Debug|Any CPU
		{CF44C1C2-FECA-463F-9A51-8A825D67F7DC}.Release|Any CPU.ActiveCfg = Release|Any CPU
		{CF44C1C2-FECA-463F-9A51-8A825D67F7DC}.Release|Any CPU.Build.0 = Release|Any CPU
	EndGlobalSection
	GlobalSection(SolutionProperties) = preSolution
		HideSolutionNode = FALSE
	EndGlobalSection
	GlobalSection(ExtensibilityGlobals) = postSolution
		SolutionGuid = {DC2D31AA-2AB5-44AD-A894-257653CF45B6}
	EndGlobalSection
EndGlobal
